// !$*UTF8*$!
{
	archiveVersion = 1;
	classes = {
	};
	objectVersion = 77;
	objects = {

/* Begin PBXBuildFile section */
		CA930C392E6EBAD8007AF115 /* FirebaseAI in Frameworks */ = {isa = PBXBuildFile; productRef = CA930C382E6EBAD8007AF115 /* FirebaseAI */; };
		CA930C3B2E6EBAD8007AF115 /* FirebaseAnalytics in Frameworks */ = {isa = PBXBuildFile; productRef = CA930C3A2E6EBAD8007AF115 /* FirebaseAnalytics */; };
		CA930C3D2E6EBAD8007AF115 /* FirebaseAnalyticsCore in Frameworks */ = {isa = PBXBuildFile; productRef = CA930C3C2E6EBAD8007AF115 /* FirebaseAnalyticsCore */; };
		CA930C3F2E6EBAD8007AF115 /* FirebaseAnalyticsIdentitySupport in Frameworks */ = {isa = PBXBuildFile; productRef = CA930C3E2E6EBAD8007AF115 /* FirebaseAnalyticsIdentitySupport */; };
		CA930C412E6EBAD8007AF115 /* FirebaseAppCheck in Frameworks */ = {isa = PBXBuildFile; productRef = CA930C402E6EBAD8007AF115 /* FirebaseAppCheck */; };
/* End PBXBuildFile section */

/* Begin PBXContainerItemProxy section */
		CA5590E32E4F18BA00333127 /* PBXContainerItemProxy */ = {
			isa = PBXContainerItemProxy;
			containerPortal = CA5590CD2E4F18B800333127 /* Project object */;
			proxyType = 1;
			remoteGlobalIDString = CA5590D42E4F18B800333127;
			remoteInfo = MONO;
		};
		CA5590ED2E4F18BA00333127 /* PBXContainerItemProxy */ = {
			isa = PBXContainerItemProxy;
			containerPortal = CA5590CD2E4F18B800333127 /* Project object */;
			proxyType = 1;
			remoteGlobalIDString = CA5590D42E4F18B800333127;
			remoteInfo = MONO;
		};
/* End PBXContainerItemProxy section */

/* Begin PBXFileReference section */
		CA5590D52E4F18B800333127 /* MONO.app */ = {isa = PBXFileReference; explicitFileType = wrapper.application; includeInIndex = 0; path = MONO.app; sourceTree = BUILT_PRODUCTS_DIR; };
		CA5590E22E4F18BA00333127 /* MONOTests.xctest */ = {isa = PBXFileReference; explicitFileType = wrapper.cfbundle; includeInIndex = 0; path = MONOTests.xctest; sourceTree = BUILT_PRODUCTS_DIR; };
		CA5590EC2E4F18BA00333127 /* MONOUITests.xctest */ = {isa = PBXFileReference; explicitFileType = wrapper.cfbundle; includeInIndex = 0; path = MONOUITests.xctest; sourceTree = BUILT_PRODUCTS_DIR; };
/* End PBXFileReference section */

/* Begin PBXFileSystemSynchronizedRootGroup section */
		CA5590D72E4F18B800333127 /* MONO */ = {
			isa = PBXFileSystemSynchronizedRootGroup;
			path = MONO;
			sourceTree = "<group>";
		};
		CA5590E52E4F18BA00333127 /* MONOTests */ = {
			isa = PBXFileSystemSynchronizedRootGroup;
			path = MONOTests;
			sourceTree = "<group>";
		};
		CA5590EF2E4F18BA00333127 /* MONOUITests */ = {
			isa = PBXFileSystemSynchronizedRootGroup;
			path = MONOUITests;
			sourceTree = "<group>";
		};
/* End PBXFileSystemSynchronizedRootGroup section */

/* Begin PBXFrameworksBuildPhase section */
		CA5590D22E4F18B800333127 /* Frameworks */ = {
			isa = PBXFrameworksBuildPhase;
			buildActionMask = 2147483647;
			files = (
				CA930C3F2E6EBAD8007AF115 /* FirebaseAnalyticsIdentitySupport in Frameworks */,
				CA930C3B2E6EBAD8007AF115 /* FirebaseAnalytics in Frameworks */,
				CA930C3D2E6EBAD8007AF115 /* FirebaseAnalyticsCore in Frameworks */,
				CA930C412E6EBAD8007AF115 /* FirebaseAppCheck in Frameworks */,
				CA930C392E6EBAD8007AF115 /* FirebaseAI in Frameworks */,
			);
			runOnlyForDeploymentPostprocessing = 0;
		};
		CA5590DF2E4F18BA00333127 /* Frameworks */ = {
			isa = PBXFrameworksBuildPhase;
			buildActionMask = 2147483647;
			files = (
			);
			runOnlyForDeploymentPostprocessing = 0;
		};
		CA5590E92E4F18BA00333127 /* Frameworks */ = {
			isa = PBXFrameworksBuildPhase;
			buildActionMask = 2147483647;
			files = (
			);
			runOnlyForDeploymentPostprocessing = 0;
		};
/* End PBXFrameworksBuildPhase section */

/* Begin PBXGroup section */
		CA5590CC2E4F18B800333127 = {
			isa = PBXGroup;
			children = (
				CA5590D72E4F18B800333127 /* MONO */,
				CA5590E52E4F18BA00333127 /* MONOTests */,
				CA5590EF2E4F18BA00333127 /* MONOUITests */,
				CA5590D62E4F18B800333127 /* Products */,
			);
			sourceTree = "<group>";
		};
		CA5590D62E4F18B800333127 /* Products */ = {
			isa = PBXGroup;
			children = (
				CA5590D52E4F18B800333127 /* MONO.app */,
				CA5590E22E4F18BA00333127 /* MONOTests.xctest */,
				CA5590EC2E4F18BA00333127 /* MONOUITests.xctest */,
			);
			name = Products;
			sourceTree = "<group>";
		};
/* End PBXGroup section */

/* Begin PBXNativeTarget section */
		CA5590D42E4F18B800333127 /* MONO */ = {
			isa = PBXNativeTarget;
			buildConfigurationList = CA5590F62E4F18BA00333127 /* Build configuration list for PBXNativeTarget "MONO" */;
			buildPhases = (
				CA5590D12E4F18B800333127 /* Sources */,
				CA5590D22E4F18B800333127 /* Frameworks */,
				CA5590D32E4F18B800333127 /* Resources */,
			);
			buildRules = (
			);
			dependencies = (
			);
			fileSystemSynchronizedGroups = (
				CA5590D72E4F18B800333127 /* MONO */,
			);
			name = MONO;
			packageProductDependencies = (
				CA930C382E6EBAD8007AF115 /* FirebaseAI */,
				CA930C3A2E6EBAD8007AF115 /* FirebaseAnalytics */,
				CA930C3C2E6EBAD8007AF115 /* FirebaseAnalyticsCore */,
				CA930C3E2E6EBAD8007AF115 /* FirebaseAnalyticsIdentitySupport */,
				CA930C402E6EBAD8007AF115 /* FirebaseAppCheck */,
			);
			productName = MONO;
			productReference = CA5590D52E4F18B800333127 /* MONO.app */;
			productType = "com.apple.product-type.application";
		};
		CA5590E12E4F18BA00333127 /* MONOTests */ = {
			isa = PBXNativeTarget;
			buildConfigurationList = CA5590F92E4F18BA00333127 /* Build configuration list for PBXNativeTarget "MONOTests" */;
			buildPhases = (
				CA5590DE2E4F18BA00333127 /* Sources */,
				CA5590DF2E4F18BA00333127 /* Frameworks */,
				CA5590E02E4F18BA00333127 /* Resources */,
			);
			buildRules = (
			);
			dependencies = (
				CA5590E42E4F18BA00333127 /* PBXTargetDependency */,
			);
			fileSystemSynchronizedGroups = (
				CA5590E52E4F18BA00333127 /* MONOTests */,
			);
			name = MONOTests;
			packageProductDependencies = (
			);
			productName = MONOTests;
			productReference = CA5590E22E4F18BA00333127 /* MONOTests.xctest */;
			productType = "com.apple.product-type.bundle.unit-test";
		};
		CA5590EB2E4F18BA00333127 /* MONOUITests */ = {
			isa = PBXNativeTarget;
			buildConfigurationList = CA5590FC2E4F18BA00333127 /* Build configuration list for PBXNativeTarget "MONOUITests" */;
			buildPhases = (
				CA5590E82E4F18BA00333127 /* Sources */,
				CA5590E92E4F18BA00333127 /* Frameworks */,
				CA5590EA2E4F18BA00333127 /* Resources */,
			);
			buildRules = (
			);
			dependencies = (
				CA5590EE2E4F18BA00333127 /* PBXTargetDependency */,
			);
			fileSystemSynchronizedGroups = (
				CA5590EF2E4F18BA00333127 /* MONOUITests */,
			);
			name = MONOUITests;
			packageProductDependencies = (
			);
			productName = MONOUITests;
			productReference = CA5590EC2E4F18BA00333127 /* MONOUITests.xctest */;
			productType = "com.apple.product-type.bundle.ui-testing";
		};
/* End PBXNativeTarget section */

/* Begin PBXProject section */
		CA5590CD2E4F18B800333127 /* Project object */ = {
			isa = PBXProject;
			attributes = {
				BuildIndependentTargetsInParallel = 1;
				LastSwiftUpdateCheck = 1630;
				LastUpgradeCheck = 1630;
				TargetAttributes = {
					CA5590D42E4F18B800333127 = {
						CreatedOnToolsVersion = 16.3;
					};
					CA5590E12E4F18BA00333127 = {
						CreatedOnToolsVersion = 16.3;
						TestTargetID = CA5590D42E4F18B800333127;
					};
					CA5590EB2E4F18BA00333127 = {
						CreatedOnToolsVersion = 16.3;
						TestTargetID = CA5590D42E4F18B800333127;
					};
				};
			};
			buildConfigurationList = CA5590D02E4F18B800333127 /* Build configuration list for PBXProject "MONO" */;
			developmentRegion = en;
			hasScannedForEncodings = 0;
			knownRegions = (
				en,
				Base,
			);
			mainGroup = CA5590CC2E4F18B800333127;
			minimizedProjectReferenceProxies = 1;
			packageReferences = (
				CA930C372E6EBAD8007AF115 /* XCRemoteSwiftPackageReference "firebase-ios-sdk" */,
			);
			preferredProjectObjectVersion = 77;
			productRefGroup = CA5590D62E4F18B800333127 /* Products */;
			projectDirPath = "";
			projectRoot = "";
			targets = (
				CA5590D42E4F18B800333127 /* MONO */,
				CA5590E12E4F18BA00333127 /* MONOTests */,
				CA5590EB2E4F18BA00333127 /* MONOUITests */,
			);
		};
/* End PBXProject section */

/* Begin PBXResourcesBuildPhase section */
		CA5590D32E4F18B800333127 /* Resources */ = {
			isa = PBXResourcesBuildPhase;
			buildActionMask = 2147483647;
			files = (
			);
			runOnlyForDeploymentPostprocessing = 0;
		};
		CA5590E02E4F18BA00333127 /* Resources */ = {
			isa = PBXResourcesBuildPhase;
			buildActionMask = 2147483647;
			files = (
			);
			runOnlyForDeploymentPostprocessing = 0;
		};
		CA5590EA2E4F18BA00333127 /* Resources */ = {
			isa = PBXResourcesBuildPhase;
			buildActionMask = 2147483647;
			files = (
			);
			runOnlyForDeploymentPostprocessing = 0;
		};
/* End PBXResourcesBuildPhase section */

/* Begin PBXSourcesBuildPhase section */
		CA5590D12E4F18B800333127 /* Sources */ = {
			isa = PBXSourcesBuildPhase;
			buildActionMask = 2147483647;
			files = (
			);
			runOnlyForDeploymentPostprocessing = 0;
		};
		CA5590DE2E4F18BA00333127 /* Sources */ = {
			isa = PBXSourcesBuildPhase;
			buildActionMask = 2147483647;
			files = (
			);
			runOnlyForDeploymentPostprocessing = 0;
		};
		CA5590E82E4F18BA00333127 /* Sources */ = {
			isa = PBXSourcesBuildPhase;
			buildActionMask = 2147483647;
			files = (
			);
			runOnlyForDeploymentPostprocessing = 0;
		};
/* End PBXSourcesBuildPhase section */

/* Begin PBXTargetDependency section */
		CA5590E42E4F18BA00333127 /* PBXTargetDependency */ = {
			isa = PBXTargetDependency;
			target = CA5590D42E4F18B800333127 /* MONO */;
			targetProxy = CA5590E32E4F18BA00333127 /* PBXContainerItemProxy */;
		};
		CA5590EE2E4F18BA00333127 /* PBXTargetDependency */ = {
			isa = PBXTargetDependency;
			target = CA5590D42E4F18B800333127 /* MONO */;
			targetProxy = CA5590ED2E4F18BA00333127 /* PBXContainerItemProxy */;
		};
/* End PBXTargetDependency section */

/* Begin XCBuildConfiguration section */
		CA5590F42E4F18BA00333127 /* Debug */ = {
			isa = XCBuildConfiguration;
			buildSettings = {
				ALWAYS_SEARCH_USER_PATHS = NO;
				ASSETCATALOG_COMPILER_GENERATE_SWIFT_ASSET_SYMBOL_EXTENSIONS = YES;
				CLANG_ANALYZER_NONNULL = YES;
				CLANG_ANALYZER_NUMBER_OBJECT_CONVERSION = YES_AGGRESSIVE;
				CLANG_CXX_LANGUAGE_STANDARD = "gnu++20";
				CLANG_ENABLE_MODULES = YES;
				CLANG_ENABLE_OBJC_ARC = YES;
				CLANG_ENABLE_OBJC_WEAK = YES;
				CLANG_WARN_BLOCK_CAPTURE_AUTORELEASING = YES;
				CLANG_WARN_BOOL_CONVERSION = YES;
				CLANG_WARN_COMMA = YES;
				CLANG_WARN_CONSTANT_CONVERSION = YES;
				CLANG_WARN_DEPRECATED_OBJC_IMPLEMENTATIONS = YES;
				CLANG_WARN_DIRECT_OBJC_ISA_USAGE = YES_ERROR;
				CLANG_WARN_DOCUMENTATION_COMMENTS = YES;
				CLANG_WARN_EMPTY_BODY = YES;
				CLANG_WARN_ENUM_CONVERSION = YES;
				CLANG_WARN_INFINITE_RECURSION = YES;
				CLANG_WARN_INT_CONVERSION = YES;
				CLANG_WARN_NON_LITERAL_NULL_CONVERSION = YES;
				CLANG_WARN_OBJC_IMPLICIT_RETAIN_SELF = YES;
				CLANG_WARN_OBJC_LITERAL_CONVERSION = YES;
				CLANG_WARN_OBJC_ROOT_CLASS = YES_ERROR;
				CLANG_WARN_QUOTED_INCLUDE_IN_FRAMEWORK_HEADER = YES;
				CLANG_WARN_RANGE_LOOP_ANALYSIS = YES;
				CLANG_WARN_STRICT_PROTOTYPES = YES;
				CLANG_WARN_SUSPICIOUS_MOVE = YES;
				CLANG_WARN_UNGUARDED_AVAILABILITY = YES_AGGRESSIVE;
				CLANG_WARN_UNREACHABLE_CODE = YES;
				CLANG_WARN__DUPLICATE_METHOD_MATCH = YES;
				COPY_PHASE_STRIP = NO;
				DEBUG_INFORMATION_FORMAT = dwarf;
				ENABLE_STRICT_OBJC_MSGSEND = YES;
				ENABLE_TESTABILITY = YES;
				ENABLE_USER_SCRIPT_SANDBOXING = YES;
				GCC_C_LANGUAGE_STANDARD = gnu17;
				GCC_DYNAMIC_NO_PIC = NO;
				GCC_NO_COMMON_BLOCKS = YES;
				GCC_OPTIMIZATION_LEVEL = 0;
				GCC_PREPROCESSOR_DEFINITIONS = (
					"DEBUG=1",
					"$(inherited)",
				);
				GCC_WARN_64_TO_32_BIT_CONVERSION = YES;
				GCC_WARN_ABOUT_RETURN_TYPE = YES_ERROR;
				GCC_WARN_UNDECLARED_SELECTOR = YES;
				GCC_WARN_UNINITIALIZED_AUTOS = YES_AGGRESSIVE;
				GCC_WARN_UNUSED_FUNCTION = YES;
				GCC_WARN_UNUSED_VARIABLE = YES;
				IPHONEOS_DEPLOYMENT_TARGET = 18.4;
				LOCALIZATION_PREFERS_STRING_CATALOGS = YES;
				MTL_ENABLE_DEBUG_INFO = INCLUDE_SOURCE;
				MTL_FAST_MATH = YES;
				ONLY_ACTIVE_ARCH = YES;
				SDKROOT = iphoneos;
				SWIFT_ACTIVE_COMPILATION_CONDITIONS = "DEBUG $(inherited)";
				SWIFT_OPTIMIZATION_LEVEL = "-Onone";
			};
			name = Debug;
		};
		CA5590F52E4F18BA00333127 /* Release */ = {
			isa = XCBuildConfiguration;
			buildSettings = {
				ALWAYS_SEARCH_USER_PATHS = NO;
				ASSETCATALOG_COMPILER_GENERATE_SWIFT_ASSET_SYMBOL_EXTENSIONS = YES;
				CLANG_ANALYZER_NONNULL = YES;
				CLANG_ANALYZER_NUMBER_OBJECT_CONVERSION = YES_AGGRESSIVE;
				CLANG_CXX_LANGUAGE_STANDARD = "gnu++20";
				CLANG_ENABLE_MODULES = YES;
				CLANG_ENABLE_OBJC_ARC = YES;
				CLANG_ENABLE_OBJC_WEAK = YES;
				CLANG_WARN_BLOCK_CAPTURE_AUTORELEASING = YES;
				CLANG_WARN_BOOL_CONVERSION = YES;
				CLANG_WARN_COMMA = YES;
				CLANG_WARN_CONSTANT_CONVERSION = YES;
				CLANG_WARN_DEPRECATED_OBJC_IMPLEMENTATIONS = YES;
				CLANG_WARN_DIRECT_OBJC_ISA_USAGE = YES_ERROR;
				CLANG_WARN_DOCUMENTATION_COMMENTS = YES;
				CLANG_WARN_EMPTY_BODY = YES;
				CLANG_WARN_ENUM_CONVERSION = YES;
				CLANG_WARN_INFINITE_RECURSION = YES;
				CLANG_WARN_INT_CONVERSION = YES;
				CLANG_WARN_NON_LITERAL_NULL_CONVERSION = YES;
				CLANG_WARN_OBJC_IMPLICIT_RETAIN_SELF = YES;
				CLANG_WARN_OBJC_LITERAL_CONVERSION = YES;
				CLANG_WARN_OBJC_ROOT_CLASS = YES_ERROR;
				CLANG_WARN_QUOTED_INCLUDE_IN_FRAMEWORK_HEADER = YES;
				CLANG_WARN_RANGE_LOOP_ANALYSIS = YES;
				CLANG_WARN_STRICT_PROTOTYPES = YES;
				CLANG_WARN_SUSPICIOUS_MOVE = YES;
				CLANG_WARN_UNGUARDED_AVAILABILITY = YES_AGGRESSIVE;
				CLANG_WARN_UNREACHABLE_CODE = YES;
				CLANG_WARN__DUPLICATE_METHOD_MATCH = YES;
				COPY_PHASE_STRIP = NO;
				DEBUG_INFORMATION_FORMAT = "dwarf-with-dsym";
				ENABLE_NS_ASSERTIONS = NO;
				ENABLE_STRICT_OBJC_MSGSEND = YES;
				ENABLE_USER_SCRIPT_SANDBOXING = YES;
				GCC_C_LANGUAGE_STANDARD = gnu17;
				GCC_NO_COMMON_BLOCKS = YES;
				GCC_WARN_64_TO_32_BIT_CONVERSION = YES;
				GCC_WARN_ABOUT_RETURN_TYPE = YES_ERROR;
				GCC_WARN_UNDECLARED_SELECTOR = YES;
				GCC_WARN_UNINITIALIZED_AUTOS = YES_AGGRESSIVE;
				GCC_WARN_UNUSED_FUNCTION = YES;
				GCC_WARN_UNUSED_VARIABLE = YES;
				IPHONEOS_DEPLOYMENT_TARGET = 18.4;
				LOCALIZATION_PREFERS_STRING_CATALOGS = YES;
				MTL_ENABLE_DEBUG_INFO = NO;
				MTL_FAST_MATH = YES;
				SDKROOT = iphoneos;
				SWIFT_COMPILATION_MODE = wholemodule;
				VALIDATE_PRODUCT = YES;
			};
			name = Release;
		};
		CA5590F72E4F18BA00333127 /* Debug */ = {
			isa = XCBuildConfiguration;
			buildSettings = {
				ASSETCATALOG_COMPILER_APPICON_NAME = AppIcon;
				ASSETCATALOG_COMPILER_GLOBAL_ACCENT_COLOR_NAME = AccentColor;
				CODE_SIGN_STYLE = Automatic;
				CURRENT_PROJECT_VERSION = 1;
				ENABLE_PREVIEWS = YES;
				GENERATE_INFOPLIST_FILE = YES;
				INFOPLIST_KEY_NSFaceIDUsageDescription = "Enable Face ID to securely access your financial data and protect your privacy";
				INFOPLIST_KEY_UIApplicationSceneManifest_Generation = YES;
				INFOPLIST_KEY_UIApplicationSupportsIndirectInputEvents = YES;
				INFOPLIST_KEY_UILaunchScreen_Generation = YES;
				INFOPLIST_KEY_UISupportedInterfaceOrientations_iPad = "UIInterfaceOrientationPortrait UIInterfaceOrientationPortraitUpsideDown UIInterfaceOrientationLandscapeLeft UIInterfaceOrientationLandscapeRight";
				INFOPLIST_KEY_UISupportedInterfaceOrientations_iPhone = "UIInterfaceOrientationPortrait UIInterfaceOrientationLandscapeLeft UIInterfaceOrientationLandscapeRight";
				IPHONEOS_DEPLOYMENT_TARGET = 18.0;
				LD_RUNPATH_SEARCH_PATHS = (
					"$(inherited)",
					"@executable_path/Frameworks",
				);
				MARKETING_VERSION = 1.0;
				PRODUCT_BUNDLE_IDENTIFIER = akash.MONO;
				PRODUCT_NAME = "$(TARGET_NAME)";
				SWIFT_EMIT_LOC_STRINGS = YES;
				SWIFT_VERSION = 5.0;
				TARGETED_DEVICE_FAMILY = "1,2";
			};
			name = Debug;
		};
		CA5590F82E4F18BA00333127 /* Release */ = {
			isa = XCBuildConfiguration;
			buildSettings = {
				ASSETCATALOG_COMPILER_APPICON_NAME = AppIcon;
				ASSETCATALOG_COMPILER_GLOBAL_ACCENT_COLOR_NAME = AccentColor;
				CODE_SIGN_STYLE = Automatic;
				CURRENT_PROJECT_VERSION = 1;
				ENABLE_PREVIEWS = YES;
				GENERATE_INFOPLIST_FILE = YES;
				INFOPLIST_KEY_NSFaceIDUsageDescription = "Enable Face ID to securely access your financial data and protect your privacy";
				INFOPLIST_KEY_UIApplicationSceneManifest_Generation = YES;
				INFOPLIST_KEY_UIApplicationSupportsIndirectInputEvents = YES;
				INFOPLIST_KEY_UILaunchScreen_Generation = YES;
				INFOPLIST_KEY_UISupportedInterfaceOrientations_iPad = "UIInterfaceOrientationPortrait UIInterfaceOrientationPortraitUpsideDown UIInterfaceOrientationLandscapeLeft UIInterfaceOrientationLandscapeRight";
				INFOPLIST_KEY_UISupportedInterfaceOrientations_iPhone = "UIInterfaceOrientationPortrait UIInterfaceOrientationLandscapeLeft UIInterfaceOrientationLandscapeRight";
				IPHONEOS_DEPLOYMENT_TARGET = 18.0;
				LD_RUNPATH_SEARCH_PATHS = (
					"$(inherited)",
					"@executable_path/Frameworks",
				);
				MARKETING_VERSION = 1.0;
				PRODUCT_BUNDLE_IDENTIFIER = akash.MONO;
				PRODUCT_NAME = "$(TARGET_NAME)";
				SWIFT_EMIT_LOC_STRINGS = YES;
				SWIFT_VERSION = 5.0;
				TARGETED_DEVICE_FAMILY = "1,2";
			};
			name = Release;
		};
		CA5590FA2E4F18BA00333127 /* Debug */ = {
			isa = XCBuildConfiguration;
			buildSettings = {
				BUNDLE_LOADER = "$(TEST_HOST)";
				CODE_SIGN_STYLE = Automatic;
				CURRENT_PROJECT_VERSION = 1;
				GENERATE_INFOPLIST_FILE = YES;
				IPHONEOS_DEPLOYMENT_TARGET = 18.4;
				MARKETING_VERSION = 1.0;
				PRODUCT_BUNDLE_IDENTIFIER = akash.MONOTests;
				PRODUCT_NAME = "$(TARGET_NAME)";
				SWIFT_EMIT_LOC_STRINGS = NO;
				SWIFT_VERSION = 5.0;
				TARGETED_DEVICE_FAMILY = "1,2";
				TEST_HOST = "$(BUILT_PRODUCTS_DIR)/MONO.app/$(BUNDLE_EXECUTABLE_FOLDER_PATH)/MONO";
			};
			name = Debug;
		};
		CA5590FB2E4F18BA00333127 /* Release */ = {
			isa = XCBuildConfiguration;
			buildSettings = {
				BUNDLE_LOADER = "$(TEST_HOST)";
				CODE_SIGN_STYLE = Automatic;
				CURRENT_PROJECT_VERSION = 1;
				GENERATE_INFOPLIST_FILE = YES;
				IPHONEOS_DEPLOYMENT_TARGET = 18.4;
				MARKETING_VERSION = 1.0;
				PRODUCT_BUNDLE_IDENTIFIER = akash.MONOTests;
				PRODUCT_NAME = "$(TARGET_NAME)";
				SWIFT_EMIT_LOC_STRINGS = NO;
				SWIFT_VERSION = 5.0;
				TARGETED_DEVICE_FAMILY = "1,2";
				TEST_HOST = "$(BUILT_PRODUCTS_DIR)/MONO.app/$(BUNDLE_EXECUTABLE_FOLDER_PATH)/MONO";
			};
			name = Release;
		};
		CA5590FD2E4F18BA00333127 /* Debug */ = {
			isa = XCBuildConfiguration;
			buildSettings = {
				CODE_SIGN_STYLE = Automatic;
				CURRENT_PROJECT_VERSION = 1;
				GENERATE_INFOPLIST_FILE = YES;
				MARKETING_VERSION = 1.0;
				PRODUCT_BUNDLE_IDENTIFIER = akash.MONOUITests;
				PRODUCT_NAME = "$(TARGET_NAME)";
				SWIFT_EMIT_LOC_STRINGS = NO;
				SWIFT_VERSION = 5.0;
				TARGETED_DEVICE_FAMILY = "1,2";
				TEST_TARGET_NAME = MONO;
			};
			name = Debug;
		};
		CA5590FE2E4F18BA00333127 /* Release */ = {
			isa = XCBuildConfiguration;
			buildSettings = {
				CODE_SIGN_STYLE = Automatic;
				CURRENT_PROJECT_VERSION = 1;
				GENERATE_INFOPLIST_FILE = YES;
				MARKETING_VERSION = 1.0;
				PRODUCT_BUNDLE_IDENTIFIER = akash.MONOUITests;
				PRODUCT_NAME = "$(TARGET_NAME)";
				SWIFT_EMIT_LOC_STRINGS = NO;
				SWIFT_VERSION = 5.0;
				TARGETED_DEVICE_FAMILY = "1,2";
				TEST_TARGET_NAME = MONO;
			};
			name = Release;
		};
/* End XCBuildConfiguration section */

/* Begin XCConfigurationList section */
		CA5590D02E4F18B800333127 /* Build configuration list for PBXProject "MONO" */ = {
			isa = XCConfigurationList;
			buildConfigurations = (
				CA5590F42E4F18BA00333127 /* Debug */,
				CA5590F52E4F18BA00333127 /* Release */,
			);
			defaultConfigurationIsVisible = 0;
			defaultConfigurationName = Release;
		};
		CA5590F62E4F18BA00333127 /* Build configuration list for PBXNativeTarget "MONO" */ = {
			isa = XCConfigurationList;
			buildConfigurations = (
				CA5590F72E4F18BA00333127 /* Debug */,
				CA5590F82E4F18BA00333127 /* Release */,
			);
			defaultConfigurationIsVisible = 0;
			defaultConfigurationName = Release;
		};
		CA5590F92E4F18BA00333127 /* Build configuration list for PBXNativeTarget "MONOTests" */ = {
			isa = XCConfigurationList;
			buildConfigurations = (
				CA5590FA2E4F18BA00333127 /* Debug */,
				CA5590FB2E4F18BA00333127 /* Release */,
			);
			defaultConfigurationIsVisible = 0;
			defaultConfigurationName = Release;
		};
		CA5590FC2E4F18BA00333127 /* Build configuration list for PBXNativeTarget "MONOUITests" */ = {
			isa = XCConfigurationList;
			buildConfigurations = (
				CA5590FD2E4F18BA00333127 /* Debug */,
				CA5590FE2E4F18BA00333127 /* Release */,
			);
			defaultConfigurationIsVisible = 0;
			defaultConfigurationName = Release;
		};
/* End XCConfigurationList section */

/* Begin XCRemoteSwiftPackageReference section */
		CA930C372E6EBAD8007AF115 /* XCRemoteSwiftPackageReference "firebase-ios-sdk" */ = {
			isa = XCRemoteSwiftPackageReference;
			repositoryURL = "https://github.com/firebase/firebase-ios-sdk";
			requirement = {
				kind = upToNextMajorVersion;
				minimumVersion = 12.2.0;
			};
		};
/* End XCRemoteSwiftPackageReference section */

/* Begin XCSwiftPackageProductDependency section */
		CA930C382E6EBAD8007AF115 /* FirebaseAI */ = {
			isa = XCSwiftPackageProductDependency;
			package = CA930C372E6EBAD8007AF115 /* XCRemoteSwiftPackageReference "firebase-ios-sdk" */;
			productName = FirebaseAI;
		};
		CA930C3A2E6EBAD8007AF115 /* FirebaseAnalytics */ = {
			isa = XCSwiftPackageProductDependency;
			package = CA930C372E6EBAD8007AF115 /* XCRemoteSwiftPackageReference "firebase-ios-sdk" */;
			productName = FirebaseAnalytics;
		};
		CA930C3C2E6EBAD8007AF115 /* FirebaseAnalyticsCore */ = {
			isa = XCSwiftPackageProductDependency;
			package = CA930C372E6EBAD8007AF115 /* XCRemoteSwiftPackageReference "firebase-ios-sdk" */;
			productName = FirebaseAnalyticsCore;
		};
		CA930C3E2E6EBAD8007AF115 /* FirebaseAnalyticsIdentitySupport */ = {
			isa = XCSwiftPackageProductDependency;
			package = CA930C372E6EBAD8007AF115 /* XCRemoteSwiftPackageReference "firebase-ios-sdk" */;
			productName = FirebaseAnalyticsIdentitySupport;
		};
		CA930C402E6EBAD8007AF115 /* FirebaseAppCheck */ = {
			isa = XCSwiftPackageProductDependency;
			package = CA930C372E6EBAD8007AF115 /* XCRemoteSwiftPackageReference "firebase-ios-sdk" */;
			productName = FirebaseAppCheck;
		};
/* End XCSwiftPackageProductDependency section */
	};
	rootObject = CA5590CD2E4F18B800333127 /* Project object */;
}
